
Microsoft Visual Studio Solution File, Format Version 12.00
Project("{FAE04EC0-301F-11D3-BF4B-00C04F79EFBC}") = "SuperSorter", "SuperSorter\SuperSorter.csproj", "{28BBD284-985B-478C-9924-8C242CF37C31}"
EndProject
Global
	GlobalSection(SolutionConfigurationPlatforms) = preSolution
		Debug|Any CPU = Debug|Any CPU
		Release|Any CPU = Release|Any CPU
	EndGlobalSection
	GlobalSection(ProjectConfigurationPlatforms) = postSolution
		{28BBD284-985B-478C-9924-8C242CF37C31}.Debug|Any CPU.ActiveCfg = Debug|Any CPU
		{28BBD284-985B-478C-9924-8C242CF37C31}.Debug|Any CPU.Build.0 = Debug|Any CPU
		{28BBD284-985B-478C-9924-8C242CF37C31}.Release|Any CPU.ActiveCfg = Release|Any CPU
		{28BBD284-985B-478C-9924-8C242CF37C31}.Release|Any CPU.Build.0 = Release|Any CPU
	EndGlobalSection
EndGlobal
